{
  "version": 4,
  "terraform_version": "1.10.5",
  "serial": 3,
  "lineage": "0e4421d1-e782-4787-7899-8e6977f10373",
  "outputs": {
    "gke_cluster_id": {
      "value": "projects/feisty-gateway-452608-c9/locations/us-central1/clusters/my-gke-cluster",
      "type": "string"
    },
    "gke_endpoint": {
      "value": "34.28.172.217",
      "type": "string"
    }
  },
  "resources": [
    {
      "module": "module.gke",
      "mode": "managed",
      "type": "google_container_cluster",
      "name": "gke_cluster",
      "provider": "module.gke.provider[\"registry.terraform.io/hashicorp/google\"]",
      "instances": [
        {
          "schema_version": 2,
          "attributes": {
            "addons_config": [
              {
                "cloudrun_config": [],
                "config_connector_config": [],
                "dns_cache_config": [],
                "gce_persistent_disk_csi_driver_config": [
                  {
                    "enabled": true
                  }
                ],
                "gcp_filestore_csi_driver_config": [],
                "gcs_fuse_csi_driver_config": [],
                "gke_backup_agent_config": [],
                "horizontal_pod_autoscaling": [],
                "http_load_balancing": [],
                "network_policy_config": [
                  {
                    "disabled": true
                  }
                ],
                "parallelstore_csi_driver_config": [],
                "ray_operator_config": [],
                "stateful_ha_config": []
              }
            ],
            "allow_net_admin": null,
            "authenticator_groups_config": [],
            "binary_authorization": [
              {
                "enabled": false,
                "evaluation_mode": ""
              }
            ],
            "cluster_autoscaling": [
              {
                "auto_provisioning_defaults": [],
                "auto_provisioning_locations": [],
                "autoscaling_profile": "BALANCED",
                "enabled": false,
                "resource_limits": []
              }
            ],
            "cluster_ipv4_cidr": "10.120.0.0/14",
            "confidential_nodes": [],
            "control_plane_endpoints_config": [
              {
                "dns_endpoint_config": [
                  {
                    "allow_external_traffic": false,
                    "endpoint": "gke-ede16b07ff354b5aafe7b67ea58e5def1335-230693353426.us-central1.gke.goog"
                  }
                ]
              }
            ],
            "cost_management_config": [],
            "database_encryption": [
              {
                "key_name": "",
                "state": "DECRYPTED"
              }
            ],
            "datapath_provider": "",
            "default_max_pods_per_node": 110,
            "default_snat_status": [
              {
                "disabled": false
              }
            ],
            "deletion_protection": true,
            "description": "",
            "dns_config": [],
            "effective_labels": {
              "goog-terraform-provisioned": "true"
            },
            "enable_autopilot": false,
            "enable_cilium_clusterwide_network_policy": false,
            "enable_fqdn_network_policy": false,
            "enable_intranode_visibility": false,
            "enable_k8s_beta_apis": [],
            "enable_kubernetes_alpha": false,
            "enable_l4_ilb_subsetting": false,
            "enable_legacy_abac": false,
            "enable_multi_networking": false,
            "enable_shielded_nodes": true,
            "enable_tpu": false,
            "endpoint": "34.28.172.217",
            "enterprise_config": [
              {
                "cluster_tier": "STANDARD",
                "desired_tier": ""
              }
            ],
            "fleet": [],
            "gateway_api_config": [],
            "id": "projects/feisty-gateway-452608-c9/locations/us-central1/clusters/my-gke-cluster",
            "identity_service_config": [],
            "initial_node_count": 1,
            "ip_allocation_policy": [
              {
                "additional_pod_ranges_config": [],
                "cluster_ipv4_cidr_block": "10.120.0.0/14",
                "cluster_secondary_range_name": "gke-my-gke-cluster-pods-ede16b07",
                "pod_cidr_overprovision_config": [
                  {
                    "disabled": false
                  }
                ],
                "services_ipv4_cidr_block": "34.118.224.0/20",
                "services_secondary_range_name": "",
                "stack_type": "IPV4"
              }
            ],
            "label_fingerprint": "78cdf2f6",
            "location": "us-central1",
            "logging_config": [
              {
                "enable_components": [
                  "SYSTEM_COMPONENTS",
                  "WORKLOADS"
                ]
              }
            ],
            "logging_service": "logging.googleapis.com/kubernetes",
            "maintenance_policy": [],
            "master_auth": [
              {
                "client_certificate": "",
                "client_certificate_config": [
                  {
                    "issue_client_certificate": false
                  }
                ],
                "client_key": "",
                "cluster_ca_certificate": "LS0tLS1CRUdJTiBDRVJUSUZJQ0FURS0tLS0tCk1JSUVMRENDQXBTZ0F3SUJBZ0lRWlZNY096bVNObUkvVytVd2ZmSGdiVEFOQmdrcWhraUc5dzBCQVFzRkFEQXYKTVMwd0t3WURWUVFERXlRNFpXRmxaakZsTkMwME9Ua3hMVFJqTW1NdE9EZzBOaTFqWmpsa1lqQmtaak0xWWpVdwpJQmNOTWpVd016QXpNRGd4T0RNMFdoZ1BNakExTlRBeU1qUXdPVEU0TXpSYU1DOHhMVEFyQmdOVkJBTVRKRGhsCllXVm1NV1UwTFRRNU9URXROR015WXkwNE9EUTJMV05tT1dSaU1HUm1NelZpTlRDQ0FhSXdEUVlKS29aSWh2Y04KQVFFQkJRQURnZ0dQQURDQ0FZb0NnZ0dCQUtvVm1hQ3o4QlpvMHlXcFplbEkzSDZNZS9UZGlrS1pyZTlBdFVDcgo1WXIvVGVtb3dQNEt3NDRsWWs1K3h4WlVKdExoUGFIN2tNNEo2TytCQVhISWhXU0NITUt0WmNSU3hPbXZGdHg4CmVXWDhia2lvNjB2K3MzVUtCcWE1VVBOKzQxcUVkQVEvc3JVdXQ5V3piYWRxVkpGYklMaEoxQWRoa2FsSlBpMXYKbTlKREUyTTlHclJuK3dZd1g4RHMyUWJabGVuTCtYeVFDNk96dzJKZUJnZlRLTkxXS2JkV0poc09lcmVhQ1p6YQpLWGNyVXVVNW51TGppeDFXQ2YvZWJmNXZXNERiT0o2ZmU3TU1yT2I1bUxUYVBYZ05rMlZYVlEvK1R1c2htRU9ECnVqTmFkQWRxT1BwZ3dSNUhMampEZW1iZWxFN0dJOHRFeE5lZzdOZjI2dkdRNDVZYVFpZ3R5K2lFOERMSzNoeVkKM1liS2drMTIrU1YyMWtiNWxrNUFMV21QV0F4aVhPQTF0VUNIS2IzRkhHSG9QWFl3NmxEOUkrVW1WTTBXQmUxRAp4SVlMT2ZaRTlJSU9tQU9QOWdVelVzZENpOWM2RmdBWUk0cHNwNHM5TVZkbWdSTGRUZEdmZHBCTkVJUkMyVVRrCmdwMG5Gb1IrNFJwUGptU0JpekM1Z2hQTk1RSURBUUFCbzBJd1FEQU9CZ05WSFE4QkFmOEVCQU1DQWdRd0R3WUQKVlIwVEFRSC9CQVV3QXdFQi96QWRCZ05WSFE0RUZnUVVEeW04Tk9IK0QvV2EraVpGYXFHRG1aQ0pQSmd3RFFZSgpLb1pJaHZjTkFRRUxCUUFEZ2dHQkFKOTNSMUpEaFJaU1Vtc3ZDVnlGRll6b2tWMFFVemZjUWNiWDNnU2haY1NiClloSkdaZTgwSFEwVUR3RlJJdUpiMWlIQVpyQWRDWjNOTHRSUmNpbk8zNysyeUZTNGVQUS9VQW1iWE03bkZneTMKSGpkajdGM1JCY1ArYzRvQnVUeDhjc2sraGd4SktKeFpKT3pGdHEzL0NCbm9qOHF5emJ2TkZXZTlXUzlhaE81RgpUblAyTFo5Q3UyM3VoUVdCZjI4M05MVmZ3OFc2OHgycXYwZGhvZFloVGduaUpES1hINWtsSi90emtRSC95QTlXCkp6TXhxWU5ST1VWNTFZWUc3Sm0xUWhwZnlEYjJKWlNkbDFhVnFjbXVvUEkvUm1LeFk5OHRtZWVCTHF5ZUJpWGIKVVdvUUZ6MTFWc0pLa1Zwby93VTNTZzUrWCt4ejJTcm1LWk5mVlFrTHVYUUMyTzNvK2o3VXZlTkh4WEFrZXFWaApRMVIrTndBRThKQk93OEdueDFpRXpHV0hMTks1Z2xZVms0alpNTWF3dFZvYkdjdlVZOW5JcWdRVVFCMlgwRkkwCkVrSzdOYmRYejEvUmo0VWhlVERES3JnRW1KaFc0Ym5KVTJyNDR5N25xSE5nV2syY3VWRlVwRkFoRW5zbGlsdlEKalFSWUJ4c0lMaVcycnpDSXgrVU5HUT09Ci0tLS0tRU5EIENFUlRJRklDQVRFLS0tLS0K"
              }
            ],
            "master_authorized_networks_config": [],
            "master_version": "1.31.5-gke.1169000",
            "mesh_certificates": [],
            "min_master_version": null,
            "monitoring_config": [
              {
                "advanced_datapath_observability_config": [
                  {
                    "enable_metrics": false,
                    "enable_relay": false
                  }
                ],
                "enable_components": [
                  "SYSTEM_COMPONENTS",
                  "STORAGE",
                  "HPA",
                  "POD",
                  "DAEMONSET",
                  "DEPLOYMENT",
                  "STATEFULSET",
                  "KUBELET",
                  "CADVISOR"
                ],
                "managed_prometheus": [
                  {
                    "enabled": true
                  }
                ]
              }
            ],
            "monitoring_service": "monitoring.googleapis.com/kubernetes",
            "name": "my-gke-cluster",
            "network": "projects/feisty-gateway-452608-c9/global/networks/default",
            "network_policy": [
              {
                "enabled": false,
                "provider": "PROVIDER_UNSPECIFIED"
              }
            ],
            "networking_mode": "VPC_NATIVE",
            "node_config": [],
            "node_locations": [
              "us-central1-a",
              "us-central1-b",
              "us-central1-f"
            ],
            "node_pool": [],
            "node_pool_auto_config": [],
            "node_pool_defaults": [
              {
                "node_config_defaults": [
                  {
                    "containerd_config": [],
                    "gcfs_config": [],
                    "insecure_kubelet_readonly_port_enabled": "FALSE",
                    "logging_variant": "DEFAULT"
                  }
                ]
              }
            ],
            "node_version": "1.31.5-gke.1169000",
            "notification_config": [
              {
                "pubsub": [
                  {
                    "enabled": false,
                    "filter": [],
                    "topic": ""
                  }
                ]
              }
            ],
            "operation": null,
            "private_cluster_config": [
              {
                "enable_private_endpoint": false,
                "enable_private_nodes": false,
                "master_global_access_config": [
                  {
                    "enabled": false
                  }
                ],
                "master_ipv4_cidr_block": "",
                "peering_name": "",
                "private_endpoint": "10.128.0.2",
                "private_endpoint_subnetwork": "",
                "public_endpoint": "34.28.172.217"
              }
            ],
            "private_ipv6_google_access": "",
            "project": "feisty-gateway-452608-c9",
            "release_channel": [
              {
                "channel": "REGULAR"
              }
            ],
            "remove_default_node_pool": true,
            "resource_labels": null,
            "resource_usage_export_config": [],
            "secret_manager_config": [
              {
                "enabled": false
              }
            ],
            "security_posture_config": [
              {
                "mode": "BASIC",
                "vulnerability_mode": "VULNERABILITY_MODE_UNSPECIFIED"
              }
            ],
            "self_link": "https://container.googleapis.com/v1/projects/feisty-gateway-452608-c9/locations/us-central1/clusters/my-gke-cluster",
            "service_external_ips_config": [
              {
                "enabled": false
              }
            ],
            "services_ipv4_cidr": "34.118.224.0/20",
            "subnetwork": "projects/feisty-gateway-452608-c9/regions/us-central1/subnetworks/default",
            "terraform_labels": {
              "goog-terraform-provisioned": "true"
            },
            "timeouts": null,
            "tpu_ipv4_cidr_block": "",
            "user_managed_keys_config": [],
            "vertical_pod_autoscaling": [],
            "workload_identity_config": []
          },
          "sensitive_attributes": [
            [
              {
                "type": "get_attr",
                "value": "master_auth"
              },
              {
                "type": "index",
                "value": {
                  "value": 0,
                  "type": "number"
                }
              },
              {
                "type": "get_attr",
                "value": "client_key"
              }
            ]
          ],
          "private": "eyJlMmJmYjczMC1lY2FhLTExZTYtOGY4OC0zNDM2M2JjN2M0YzAiOnsiY3JlYXRlIjoyNDAwMDAwMDAwMDAwLCJkZWxldGUiOjI0MDAwMDAwMDAwMDAsInJlYWQiOjI0MDAwMDAwMDAwMDAsInVwZGF0ZSI6MzYwMDAwMDAwMDAwMH0sInNjaGVtYV92ZXJzaW9uIjoiMiJ9"
        }
      ]
    },
    {
      "module": "module.gke",
      "mode": "managed",
      "type": "google_container_node_pool",
      "name": "primary_nodes",
      "provider": "module.gke.provider[\"registry.terraform.io/hashicorp/google\"]",
      "instances": [
        {
          "status": "tainted",
          "schema_version": 1,
          "attributes": {
            "autoscaling": [],
            "cluster": "projects/feisty-gateway-452608-c9/locations/us-central1/clusters/my-gke-cluster",
            "id": "projects/feisty-gateway-452608-c9/locations/us-central1/clusters/my-gke-cluster/nodePools/my-gke-cluster-node-pool",
            "initial_node_count": null,
            "instance_group_urls": null,
            "location": "us-central1",
            "managed_instance_group_urls": null,
            "management": null,
            "max_pods_per_node": null,
            "name": "my-gke-cluster-node-pool",
            "name_prefix": null,
            "network_config": null,
            "node_config": [
              {
                "advanced_machine_features": [],
                "boot_disk_kms_key": "",
                "confidential_nodes": [],
                "containerd_config": [],
                "disk_size_gb": 0,
                "disk_type": "",
                "effective_taints": [],
                "enable_confidential_storage": false,
                "ephemeral_storage_local_ssd_config": [],
                "fast_socket": [],
                "gcfs_config": [],
                "guest_accelerator": [],
                "gvnic": [],
                "host_maintenance_policy": [],
                "image_type": "",
                "kubelet_config": [],
                "labels": {},
                "linux_node_config": [],
                "local_nvme_ssd_block_config": [],
                "local_ssd_count": 0,
                "local_ssd_encryption_mode": "",
                "logging_variant": "",
                "machine_type": "e2-medium",
                "max_run_duration": "",
                "metadata": {},
                "min_cpu_platform": "",
                "node_group": "",
                "oauth_scopes": [
                  "https://www.googleapis.com/auth/cloud-platform"
                ],
                "preemptible": false,
                "reservation_affinity": [],
                "resource_labels": null,
                "resource_manager_tags": null,
                "secondary_boot_disks": [],
                "service_account": "",
                "shielded_instance_config": [],
                "sole_tenant_config": [],
                "spot": false,
                "storage_pools": null,
                "tags": null,
                "taint": [],
                "workload_metadata_config": []
              }
            ],
            "node_count": 3,
            "node_locations": [],
            "operation": null,
            "placement_policy": [],
            "project": "feisty-gateway-452608-c9",
            "queued_provisioning": [],
            "timeouts": null,
            "upgrade_settings": null,
            "version": null
          },
          "sensitive_attributes": [],
          "private": "eyJlMmJmYjczMC1lY2FhLTExZTYtOGY4OC0zNDM2M2JjN2M0YzAiOnsiY3JlYXRlIjoxODAwMDAwMDAwMDAwLCJkZWxldGUiOjE4MDAwMDAwMDAwMDAsInVwZGF0ZSI6MTgwMDAwMDAwMDAwMH0sInNjaGVtYV92ZXJzaW9uIjoiMSJ9",
          "dependencies": [
            "module.gke.google_container_cluster.gke_cluster"
          ]
        }
      ]
    }
  ],
  "check_results": null
}
